
Microsoft Visual Studio Solution File, Format Version 12.00
# Visual Studio Version 16
VisualStudioVersion = 16.0.31702.278
MinimumVisualStudioVersion = 10.0.40219.1
Project("{FAE04EC0-301F-11D3-BF4B-00C04F79EFBC}") = "ex5", "ex5\ex5.csproj", "{97786B41-32AB-40D3-AACF-280EB837AAAC}"
EndProject
Global
	GlobalSection(SolutionConfigurationPlatforms) = preSolution
		Debug|Any CPU = Debug|Any CPU
		Release|Any CPU = Release|Any CPU
	EndGlobalSection
	GlobalSection(ProjectConfigurationPlatforms) = postSolution
		{97786B41-32AB-40D3-AACF-280EB837AAAC}.Debug|Any CPU.ActiveCfg = Debug|Any CPU
		{97786B41-32AB-40D3-AACF-280EB837AAAC}.Debug|Any CPU.Build.0 = Debug|Any CPU
		{97786B41-32AB-40D3-AACF-280EB837AAAC}.Release|Any CPU.ActiveCfg = Release|Any CPU
		{97786B41-32AB-40D3-AACF-280EB837AAAC}.Release|Any CPU.Build.0 = Release|Any CPU
	EndGlobalSection
	GlobalSection(SolutionProperties) = preSolution
		HideSolutionNode = FALSE
	EndGlobalSection
	GlobalSection(ExtensibilityGlobals) = postSolution
		SolutionGuid = {4F071590-A19C-4BE3-B8CA-078D17DE7F30}
	EndGlobalSection
EndGlobal
