
Microsoft Visual Studio Solution File, Format Version 12.00
# Visual Studio Version 16
VisualStudioVersion = 16.0.31702.278
MinimumVisualStudioVersion = 10.0.40219.1
Project("{FAE04EC0-301F-11D3-BF4B-00C04F79EFBC}") = "ex7", "ex7\ex7.csproj", "{9334158A-66B0-41A1-8C00-643956D9679A}"
EndProject
Global
	GlobalSection(SolutionConfigurationPlatforms) = preSolution
		Debug|Any CPU = Debug|Any CPU
		Release|Any CPU = Release|Any CPU
	EndGlobalSection
	GlobalSection(ProjectConfigurationPlatforms) = postSolution
		{9334158A-66B0-41A1-8C00-643956D9679A}.Debug|Any CPU.ActiveCfg = Debug|Any CPU
		{9334158A-66B0-41A1-8C00-643956D9679A}.Debug|Any CPU.Build.0 = Debug|Any CPU
		{9334158A-66B0-41A1-8C00-643956D9679A}.Release|Any CPU.ActiveCfg = Release|Any CPU
		{9334158A-66B0-41A1-8C00-643956D9679A}.Release|Any CPU.Build.0 = Release|Any CPU
	EndGlobalSection
	GlobalSection(SolutionProperties) = preSolution
		HideSolutionNode = FALSE
	EndGlobalSection
	GlobalSection(ExtensibilityGlobals) = postSolution
		SolutionGuid = {E175783C-E224-4DA5-8E30-565F76D766F1}
	EndGlobalSection
EndGlobal
